
Microsoft Visual Studio Solution File, Format Version 12.00
# Visual Studio Version 17
VisualStudioVersion = 17.11.35219.272
MinimumVisualStudioVersion = 10.0.40219.1
Project("{FAE04EC0-301F-11D3-BF4B-00C04F79EFBC}") = "CRM-Escolar", "CRM-Escolar\CRM-Escolar.csproj", "{0C3458FD-3A14-4F7D-B342-D7675869F46F}"
EndProject
Global
	GlobalSection(SolutionConfigurationPlatforms) = preSolution
		Debug|Any CPU = Debug|Any CPU
		Release|Any CPU = Release|Any CPU
	EndGlobalSection
	GlobalSection(ProjectConfigurationPlatforms) = postSolution
		{0C3458FD-3A14-4F7D-B342-D7675869F46F}.Debug|Any CPU.ActiveCfg = Debug|Any CPU
		{0C3458FD-3A14-4F7D-B342-D7675869F46F}.Debug|Any CPU.Build.0 = Debug|Any CPU
		{0C3458FD-3A14-4F7D-B342-D7675869F46F}.Release|Any CPU.ActiveCfg = Release|Any CPU
		{0C3458FD-3A14-4F7D-B342-D7675869F46F}.Release|Any CPU.Build.0 = Release|Any CPU
	EndGlobalSection
	GlobalSection(SolutionProperties) = preSolution
		HideSolutionNode = FALSE
	EndGlobalSection
	GlobalSection(ExtensibilityGlobals) = postSolution
		SolutionGuid = {55BD69C2-6825-4960-9B8F-B77A3DC3B953}
	EndGlobalSection
EndGlobal
